// !$*UTF8*$!
{
	archiveVersion = 1;
	classes = {
	};
	objectVersion = 50;
	objects = {

/* Begin PBXBuildFile section */
		73CDECD32658F5F7006C1B23 /* SkailerApp.swift in Sources */ = {isa = PBXBuildFile; fileRef = 73CDECD22658F5F7006C1B23 /* SkailerApp.swift */; };
		73CDECD72658F5FA006C1B23 /* Assets.xcassets in Resources */ = {isa = PBXBuildFile; fileRef = 73CDECD62658F5FA006C1B23 /* Assets.xcassets */; };
		73CDECDA2658F5FA006C1B23 /* Preview Assets.xcassets in Resources */ = {isa = PBXBuildFile; fileRef = 73CDECD92658F5FA006C1B23 /* Preview Assets.xcassets */; };
		73CDECE52658F6C1006C1B23 /* ColorExtension.swift in Sources */ = {isa = PBXBuildFile; fileRef = 73CDECE42658F6C1006C1B23 /* ColorExtension.swift */; };
		73CDECE72658F6E7006C1B23 /* FontModifier.swift in Sources */ = {isa = PBXBuildFile; fileRef = 73CDECE62658F6E7006C1B23 /* FontModifier.swift */; };
		73CDECE92658F703006C1B23 /* ImageExtension.swift in Sources */ = {isa = PBXBuildFile; fileRef = 73CDECE82658F703006C1B23 /* ImageExtension.swift */; };
		73CDECEF2658F833006C1B23 /* Lato-Semibold.ttf in Resources */ = {isa = PBXBuildFile; fileRef = 73CDECEB2658F833006C1B23 /* Lato-Semibold.ttf */; };
		73CDECF02658F833006C1B23 /* Lato-Bold.ttf in Resources */ = {isa = PBXBuildFile; fileRef = 73CDECEC2658F833006C1B23 /* Lato-Bold.ttf */; };
		73CDECF12658F833006C1B23 /* Lato-Regular.ttf in Resources */ = {isa = PBXBuildFile; fileRef = 73CDECED2658F833006C1B23 /* Lato-Regular.ttf */; };
		73CDECF22658F833006C1B23 /* Lato-Black.ttf in Resources */ = {isa = PBXBuildFile; fileRef = 73CDECEE2658F833006C1B23 /* Lato-Black.ttf */; };
		73CDECF42659050D006C1B23 /* NeuShadow.swift in Sources */ = {isa = PBXBuildFile; fileRef = 73CDECF32659050D006C1B23 /* NeuShadow.swift */; };
		73CDECF7265906BD006C1B23 /* HomeView.swift in Sources */ = {isa = PBXBuildFile; fileRef = 73CDECF6265906BD006C1B23 /* HomeView.swift */; };
		73CDECF9265906CC006C1B23 /* HomeViewModel.swift in Sources */ = {isa = PBXBuildFile; fileRef = 73CDECF8265906CC006C1B23 /* HomeViewModel.swift */; };
		73CDECFE2659089C006C1B23 /* MusicModel.swift in Sources */ = {isa = PBXBuildFile; fileRef = 73CDECFD2659089C006C1B23 /* MusicModel.swift */; };
		73CDED0026590914006C1B23 /* Data.swift in Sources */ = {isa = PBXBuildFile; fileRef = 73CDECFF26590914006C1B23 /* Data.swift */; };
		73CDED0326591700006C1B23 /* PlaylistView.swift in Sources */ = {isa = PBXBuildFile; fileRef = 73CDED0226591700006C1B23 /* PlaylistView.swift */; };
/* End PBXBuildFile section */

/* Begin PBXFileReference section */
		73CDECCF2658F5F7006C1B23 /* Skailer.app */ = {isa = PBXFileReference; explicitFileType = wrapper.application; includeInIndex = 0; path = Skailer.app; sourceTree = BUILT_PRODUCTS_DIR; };
		73CDECD22658F5F7006C1B23 /* SkailerApp.swift */ = {isa = PBXFileReference; lastKnownFileType = sourcecode.swift; path = SkailerApp.swift; sourceTree = "<group>"; };
		73CDECD62658F5FA006C1B23 /* Assets.xcassets */ = {isa = PBXFileReference; lastKnownFileType = folder.assetcatalog; path = Assets.xcassets; sourceTree = "<group>"; };
		73CDECD92658F5FA006C1B23 /* Preview Assets.xcassets */ = {isa = PBXFileReference; lastKnownFileType = folder.assetcatalog; path = "Preview Assets.xcassets"; sourceTree = "<group>"; };
		73CDECDB2658F5FA006C1B23 /* Info.plist */ = {isa = PBXFileReference; lastKnownFileType = text.plist.xml; path = Info.plist; sourceTree = "<group>"; };
		73CDECE42658F6C1006C1B23 /* ColorExtension.swift */ = {isa = PBXFileReference; lastKnownFileType = sourcecode.swift; path = ColorExtension.swift; sourceTree = "<group>"; };
		73CDECE62658F6E7006C1B23 /* FontModifier.swift */ = {isa = PBXFileReference; lastKnownFileType = sourcecode.swift; path = FontModifier.swift; sourceTree = "<group>"; };
		73CDECE82658F703006C1B23 /* ImageExtension.swift */ = {isa = PBXFileReference; lastKnownFileType = sourcecode.swift; path = ImageExtension.swift; sourceTree = "<group>"; };
		73CDECEB2658F833006C1B23 /* Lato-Semibold.ttf */ = {isa = PBXFileReference; lastKnownFileType = file; path = "Lato-Semibold.ttf"; sourceTree = "<group>"; };
		73CDECEC2658F833006C1B23 /* Lato-Bold.ttf */ = {isa = PBXFileReference; lastKnownFileType = file; path = "Lato-Bold.ttf"; sourceTree = "<group>"; };
		73CDECED2658F833006C1B23 /* Lato-Regular.ttf */ = {isa = PBXFileReference; lastKnownFileType = file; path = "Lato-Regular.ttf"; sourceTree = "<group>"; };
		73CDECEE2658F833006C1B23 /* Lato-Black.ttf */ = {isa = PBXFileReference; lastKnownFileType = file; path = "Lato-Black.ttf"; sourceTree = "<group>"; };
		73CDECF32659050D006C1B23 /* NeuShadow.swift */ = {isa = PBXFileReference; lastKnownFileType = sourcecode.swift; path = NeuShadow.swift; sourceTree = "<group>"; };
		73CDECF6265906BD006C1B23 /* HomeView.swift */ = {isa = PBXFileReference; lastKnownFileType = sourcecode.swift; path = HomeView.swift; sourceTree = "<group>"; };
		73CDECF8265906CC006C1B23 /* HomeViewModel.swift */ = {isa = PBXFileReference; lastKnownFileType = sourcecode.swift; path = HomeViewModel.swift; sourceTree = "<group>"; };
		73CDECFD2659089C006C1B23 /* MusicModel.swift */ = {isa = PBXFileReference; lastKnownFileType = sourcecode.swift; path = MusicModel.swift; sourceTree = "<group>"; };
		73CDECFF26590914006C1B23 /* Data.swift */ = {isa = PBXFileReference; lastKnownFileType = sourcecode.swift; path = Data.swift; sourceTree = "<group>"; };
		73CDED0226591700006C1B23 /* PlaylistView.swift */ = {isa = PBXFileReference; lastKnownFileType = sourcecode.swift; path = PlaylistView.swift; sourceTree = "<group>"; };
/* End PBXFileReference section */

/* Begin PBXFrameworksBuildPhase section */
		73CDECCC2658F5F7006C1B23 /* Frameworks */ = {
			isa = PBXFrameworksBuildPhase;
			buildActionMask = 2147483647;
			files = (
			);
			runOnlyForDeploymentPostprocessing = 0;
		};
/* End PBXFrameworksBuildPhase section */

/* Begin PBXGroup section */
		73CDECC62658F5F7006C1B23 = {
			isa = PBXGroup;
			children = (
				73CDECD12658F5F7006C1B23 /* Skailer */,
				73CDECD02658F5F7006C1B23 /* Products */,
			);
			sourceTree = "<group>";
		};
		73CDECD02658F5F7006C1B23 /* Products */ = {
			isa = PBXGroup;
			children = (
				73CDECCF2658F5F7006C1B23 /* Skailer.app */,
			);
			name = Products;
			sourceTree = "<group>";
		};
		73CDECD12658F5F7006C1B23 /* Skailer */ = {
			isa = PBXGroup;
			children = (
				73CDED01265916EA006C1B23 /* Views */,
				73CDECFA26590845006C1B23 /* Model */,
				73CDECF526590698006C1B23 /* Home */,
				73CDECEA2658F7DC006C1B23 /* Lato */,
				73CDECE32658F6A1006C1B23 /* Helpers */,
				73CDECD22658F5F7006C1B23 /* SkailerApp.swift */,
				73CDECD62658F5FA006C1B23 /* Assets.xcassets */,
				73CDECDB2658F5FA006C1B23 /* Info.plist */,
				73CDECD82658F5FA006C1B23 /* Preview Content */,
				73CDECFF26590914006C1B23 /* Data.swift */,
			);
			path = Skailer;
			sourceTree = "<group>";
		};
		73CDECD82658F5FA006C1B23 /* Preview Content */ = {
			isa = PBXGroup;
			children = (
				73CDECD92658F5FA006C1B23 /* Preview Assets.xcassets */,
			);
			path = "Preview Content";
			sourceTree = "<group>";
		};
		73CDECE32658F6A1006C1B23 /* Helpers */ = {
			isa = PBXGroup;
			children = (
				73CDECE42658F6C1006C1B23 /* ColorExtension.swift */,
				73CDECE62658F6E7006C1B23 /* FontModifier.swift */,
				73CDECE82658F703006C1B23 /* ImageExtension.swift */,
				73CDECF32659050D006C1B23 /* NeuShadow.swift */,
			);
			path = Helpers;
			sourceTree = "<group>";
		};
		73CDECEA2658F7DC006C1B23 /* Lato */ = {
			isa = PBXGroup;
			children = (
				73CDECEE2658F833006C1B23 /* Lato-Black.ttf */,
				73CDECEC2658F833006C1B23 /* Lato-Bold.ttf */,
				73CDECED2658F833006C1B23 /* Lato-Regular.ttf */,
				73CDECEB2658F833006C1B23 /* Lato-Semibold.ttf */,
			);
			path = Lato;
			sourceTree = "<group>";
		};
		73CDECF526590698006C1B23 /* Home */ = {
			isa = PBXGroup;
			children = (
				73CDECF6265906BD006C1B23 /* HomeView.swift */,
				73CDECF8265906CC006C1B23 /* HomeViewModel.swift */,
			);
			path = Home;
			sourceTree = "<group>";
		};
		73CDECFA26590845006C1B23 /* Model */ = {
			isa = PBXGroup;
			children = (
				73CDECFD2659089C006C1B23 /* MusicModel.swift */,
			);
			path = Model;
			sourceTree = "<group>";
		};
		73CDED01265916EA006C1B23 /* Views */ = {
			isa = PBXGroup;
			children = (
				73CDED0226591700006C1B23 /* PlaylistView.swift */,
			);
			path = Views;
			sourceTree = "<group>";
		};
/* End PBXGroup section */

/* Begin PBXNativeTarget section */
		73CDECCE2658F5F7006C1B23 /* Skailer */ = {
			isa = PBXNativeTarget;
			buildConfigurationList = 73CDECDE2658F5FA006C1B23 /* Build configuration list for PBXNativeTarget "Skailer" */;
			buildPhases = (
				73CDECCB2658F5F7006C1B23 /* Sources */,
				73CDECCC2658F5F7006C1B23 /* Frameworks */,
				73CDECCD2658F5F7006C1B23 /* Resources */,
			);
			buildRules = (
			);
			dependencies = (
			);
			name = Skailer;
			productName = Skailer;
			productReference = 73CDECCF2658F5F7006C1B23 /* Skailer.app */;
			productType = "com.apple.product-type.application";
		};
/* End PBXNativeTarget section */

/* Begin PBXProject section */
		73CDECC72658F5F7006C1B23 /* Project object */ = {
			isa = PBXProject;
			attributes = {
				LastSwiftUpdateCheck = 1250;
				LastUpgradeCheck = 1250;
				TargetAttributes = {
					73CDECCE2658F5F7006C1B23 = {
						CreatedOnToolsVersion = 12.5;
					};
				};
			};
			buildConfigurationList = 73CDECCA2658F5F7006C1B23 /* Build configuration list for PBXProject "Skailer" */;
			compatibilityVersion = "Xcode 9.3";
			developmentRegion = en;
			hasScannedForEncodings = 0;
			knownRegions = (
				en,
				Base,
			);
			mainGroup = 73CDECC62658F5F7006C1B23;
			productRefGroup = 73CDECD02658F5F7006C1B23 /* Products */;
			projectDirPath = "";
			projectRoot = "";
			targets = (
				73CDECCE2658F5F7006C1B23 /* Skailer */,
			);
		};
/* End PBXProject section */

/* Begin PBXResourcesBuildPhase section */
		73CDECCD2658F5F7006C1B23 /* Resources */ = {
			isa = PBXResourcesBuildPhase;
			buildActionMask = 2147483647;
			files = (
				73CDECDA2658F5FA006C1B23 /* Preview Assets.xcassets in Resources */,
				73CDECD72658F5FA006C1B23 /* Assets.xcassets in Resources */,
				73CDECF12658F833006C1B23 /* Lato-Regular.ttf in Resources */,
				73CDECEF2658F833006C1B23 /* Lato-Semibold.ttf in Resources */,
				73CDECF22658F833006C1B23 /* Lato-Black.ttf in Resources */,
				73CDECF02658F833006C1B23 /* Lato-Bold.ttf in Resources */,
			);
			runOnlyForDeploymentPostprocessing = 0;
		};
/* End PBXResourcesBuildPhase section */

/* Begin PBXSourcesBuildPhase section */
		73CDECCB2658F5F7006C1B23 /* Sources */ = {
			isa = PBXSourcesBuildPhase;
			buildActionMask = 2147483647;
			files = (
				73CDECE52658F6C1006C1B23 /* ColorExtension.swift in Sources */,
				73CDECF42659050D006C1B23 /* NeuShadow.swift in Sources */,
				73CDECF9265906CC006C1B23 /* HomeViewModel.swift in Sources */,
				73CDECD32658F5F7006C1B23 /* SkailerApp.swift in Sources */,
				73CDED0326591700006C1B23 /* PlaylistView.swift in Sources */,
				73CDECF7265906BD006C1B23 /* HomeView.swift in Sources */,
				73CDECFE2659089C006C1B23 /* MusicModel.swift in Sources */,
				73CDECE92658F703006C1B23 /* ImageExtension.swift in Sources */,
				73CDED0026590914006C1B23 /* Data.swift in Sources */,
				73CDECE72658F6E7006C1B23 /* FontModifier.swift in Sources */,
			);
			runOnlyForDeploymentPostprocessing = 0;
		};
/* End PBXSourcesBuildPhase section */

/* Begin XCBuildConfiguration section */
		73CDECDC2658F5FA006C1B23 /* Debug */ = {
			isa = XCBuildConfiguration;
			buildSettings = {
				ALWAYS_SEARCH_USER_PATHS = NO;
				CLANG_ANALYZER_NONNULL = YES;
				CLANG_ANALYZER_NUMBER_OBJECT_CONVERSION = YES_AGGRESSIVE;
				CLANG_CXX_LANGUAGE_STANDARD = "gnu++14";
				CLANG_CXX_LIBRARY = "libc++";
				CLANG_ENABLE_MODULES = YES;
				CLANG_ENABLE_OBJC_ARC = YES;
				CLANG_ENABLE_OBJC_WEAK = YES;
				CLANG_WARN_BLOCK_CAPTURE_AUTORELEASING = YES;
				CLANG_WARN_BOOL_CONVERSION = YES;
				CLANG_WARN_COMMA = YES;
				CLANG_WARN_CONSTANT_CONVERSION = YES;
				CLANG_WARN_DEPRECATED_OBJC_IMPLEMENTATIONS = YES;
				CLANG_WARN_DIRECT_OBJC_ISA_USAGE = YES_ERROR;
				CLANG_WARN_DOCUMENTATION_COMMENTS = YES;
				CLANG_WARN_EMPTY_BODY = YES;
				CLANG_WARN_ENUM_CONVERSION = YES;
				CLANG_WARN_INFINITE_RECURSION = YES;
				CLANG_WARN_INT_CONVERSION = YES;
				CLANG_WARN_NON_LITERAL_NULL_CONVERSION = YES;
				CLANG_WARN_OBJC_IMPLICIT_RETAIN_SELF = YES;
				CLANG_WARN_OBJC_LITERAL_CONVERSION = YES;
				CLANG_WARN_OBJC_ROOT_CLASS = YES_ERROR;
				CLANG_WARN_QUOTED_INCLUDE_IN_FRAMEWORK_HEADER = YES;
				CLANG_WARN_RANGE_LOOP_ANALYSIS = YES;
				CLANG_WARN_STRICT_PROTOTYPES = YES;
				CLANG_WARN_SUSPICIOUS_MOVE = YES;
				CLANG_WARN_UNGUARDED_AVAILABILITY = YES_AGGRESSIVE;
				CLANG_WARN_UNREACHABLE_CODE = YES;
				CLANG_WARN__DUPLICATE_METHOD_MATCH = YES;
				COPY_PHASE_STRIP = NO;
				DEBUG_INFORMATION_FORMAT = dwarf;
				ENABLE_STRICT_OBJC_MSGSEND = YES;
				ENABLE_TESTABILITY = YES;
				GCC_C_LANGUAGE_STANDARD = gnu11;
				GCC_DYNAMIC_NO_PIC = NO;
				GCC_NO_COMMON_BLOCKS = YES;
				GCC_OPTIMIZATION_LEVEL = 0;
				GCC_PREPROCESSOR_DEFINITIONS = (
					"DEBUG=1",
					"$(inherited)",
				);
				GCC_WARN_64_TO_32_BIT_CONVERSION = YES;
				GCC_WARN_ABOUT_RETURN_TYPE = YES_ERROR;
				GCC_WARN_UNDECLARED_SELECTOR = YES;
				GCC_WARN_UNINITIALIZED_AUTOS = YES_AGGRESSIVE;
				GCC_WARN_UNUSED_FUNCTION = YES;
				GCC_WARN_UNUSED_VARIABLE = YES;
				IPHONEOS_DEPLOYMENT_TARGET = 14.5;
				MTL_ENABLE_DEBUG_INFO = INCLUDE_SOURCE;
				MTL_FAST_MATH = YES;
				ONLY_ACTIVE_ARCH = YES;
				SDKROOT = iphoneos;
				SWIFT_ACTIVE_COMPILATION_CONDITIONS = DEBUG;
				SWIFT_OPTIMIZATION_LEVEL = "-Onone";
			};
			name = Debug;
		};
		73CDECDD2658F5FA006C1B23 /* Release */ = {
			isa = XCBuildConfiguration;
			buildSettings = {
				ALWAYS_SEARCH_USER_PATHS = NO;
				CLANG_ANALYZER_NONNULL = YES;
				CLANG_ANALYZER_NUMBER_OBJECT_CONVERSION = YES_AGGRESSIVE;
				CLANG_CXX_LANGUAGE_STANDARD = "gnu++14";
				CLANG_CXX_LIBRARY = "libc++";
				CLANG_ENABLE_MODULES = YES;
				CLANG_ENABLE_OBJC_ARC = YES;
				CLANG_ENABLE_OBJC_WEAK = YES;
				CLANG_WARN_BLOCK_CAPTURE_AUTORELEASING = YES;
				CLANG_WARN_BOOL_CONVERSION = YES;
				CLANG_WARN_COMMA = YES;
				CLANG_WARN_CONSTANT_CONVERSION = YES;
				CLANG_WARN_DEPRECATED_OBJC_IMPLEMENTATIONS = YES;
				CLANG_WARN_DIRECT_OBJC_ISA_USAGE = YES_ERROR;
				CLANG_WARN_DOCUMENTATION_COMMENTS = YES;
				CLANG_WARN_EMPTY_BODY = YES;
				CLANG_WARN_ENUM_CONVERSION = YES;
				CLANG_WARN_INFINITE_RECURSION = YES;
				CLANG_WARN_INT_CONVERSION = YES;
				CLANG_WARN_NON_LITERAL_NULL_CONVERSION = YES;
				CLANG_WARN_OBJC_IMPLICIT_RETAIN_SELF = YES;
				CLANG_WARN_OBJC_LITERAL_CONVERSION = YES;
				CLANG_WARN_OBJC_ROOT_CLASS = YES_ERROR;
				CLANG_WARN_QUOTED_INCLUDE_IN_FRAMEWORK_HEADER = YES;
				CLANG_WARN_RANGE_LOOP_ANALYSIS = YES;
				CLANG_WARN_STRICT_PROTOTYPES = YES;
				CLANG_WARN_SUSPICIOUS_MOVE = YES;
				CLANG_WARN_UNGUARDED_AVAILABILITY = YES_AGGRESSIVE;
				CLANG_WARN_UNREACHABLE_CODE = YES;
				CLANG_WARN__DUPLICATE_METHOD_MATCH = YES;
				COPY_PHASE_STRIP = NO;
				DEBUG_INFORMATION_FORMAT = "dwarf-with-dsym";
				ENABLE_NS_ASSERTIONS = NO;
				ENABLE_STRICT_OBJC_MSGSEND = YES;
				GCC_C_LANGUAGE_STANDARD = gnu11;
				GCC_NO_COMMON_BLOCKS = YES;
				GCC_WARN_64_TO_32_BIT_CONVERSION = YES;
				GCC_WARN_ABOUT_RETURN_TYPE = YES_ERROR;
				GCC_WARN_UNDECLARED_SELECTOR = YES;
				GCC_WARN_UNINITIALIZED_AUTOS = YES_AGGRESSIVE;
				GCC_WARN_UNUSED_FUNCTION = YES;
				GCC_WARN_UNUSED_VARIABLE = YES;
				IPHONEOS_DEPLOYMENT_TARGET = 14.5;
				MTL_ENABLE_DEBUG_INFO = NO;
				MTL_FAST_MATH = YES;
				SDKROOT = iphoneos;
				SWIFT_COMPILATION_MODE = wholemodule;
				SWIFT_OPTIMIZATION_LEVEL = "-O";
				VALIDATE_PRODUCT = YES;
			};
			name = Release;
		};
		73CDECDF2658F5FA006C1B23 /* Debug */ = {
			isa = XCBuildConfiguration;
			buildSettings = {
				ASSETCATALOG_COMPILER_APPICON_NAME = AppIcon;
				ASSETCATALOG_COMPILER_GLOBAL_ACCENT_COLOR_NAME = AccentColor;
				CODE_SIGN_STYLE = Automatic;
				DEVELOPMENT_ASSET_PATHS = "\"Skailer/Preview Content\"";
				DEVELOPMENT_TEAM = GY8LXNR38D;
				ENABLE_PREVIEWS = YES;
				INFOPLIST_FILE = Skailer/Info.plist;
				IPHONEOS_DEPLOYMENT_TARGET = 14.0;
				LD_RUNPATH_SEARCH_PATHS = (
					"$(inherited)",
					"@executable_path/Frameworks",
				);
				PRODUCT_BUNDLE_IDENTIFIER = com.femargent.Skailer;
				PRODUCT_NAME = "$(TARGET_NAME)";
				SWIFT_VERSION = 5.0;
				TARGETED_DEVICE_FAMILY = "1,2";
			};
			name = Debug;
		};
		73CDECE02658F5FA006C1B23 /* Release */ = {
			isa = XCBuildConfiguration;
			buildSettings = {
				ASSETCATALOG_COMPILER_APPICON_NAME = AppIcon;
				ASSETCATALOG_COMPILER_GLOBAL_ACCENT_COLOR_NAME = AccentColor;
				CODE_SIGN_STYLE = Automatic;
				DEVELOPMENT_ASSET_PATHS = "\"Skailer/Preview Content\"";
				DEVELOPMENT_TEAM = GY8LXNR38D;
				ENABLE_PREVIEWS = YES;
				INFOPLIST_FILE = Skailer/Info.plist;
				IPHONEOS_DEPLOYMENT_TARGET = 14.0;
				LD_RUNPATH_SEARCH_PATHS = (
					"$(inherited)",
					"@executable_path/Frameworks",
				);
				PRODUCT_BUNDLE_IDENTIFIER = com.femargent.Skailer;
				PRODUCT_NAME = "$(TARGET_NAME)";
				SWIFT_VERSION = 5.0;
				TARGETED_DEVICE_FAMILY = "1,2";
			};
			name = Release;
		};
/* End XCBuildConfiguration section */

/* Begin XCConfigurationList section */
		73CDECCA2658F5F7006C1B23 /* Build configuration list for PBXProject "Skailer" */ = {
			isa = XCConfigurationList;
			buildConfigurations = (
				73CDECDC2658F5FA006C1B23 /* Debug */,
				73CDECDD2658F5FA006C1B23 /* Release */,
			);
			defaultConfigurationIsVisible = 0;
			defaultConfigurationName = Release;
		};
		73CDECDE2658F5FA006C1B23 /* Build configuration list for PBXNativeTarget "Skailer" */ = {
			isa = XCConfigurationList;
			buildConfigurations = (
				73CDECDF2658F5FA006C1B23 /* Debug */,
				73CDECE02658F5FA006C1B23 /* Release */,
			);
			defaultConfigurationIsVisible = 0;
			defaultConfigurationName = Release;
		};
/* End XCConfigurationList section */
	};
	rootObject = 73CDECC72658F5F7006C1B23 /* Project object */;
}
